
Microsoft Visual Studio Solution File, Format Version 12.00
# Visual Studio Version 16
VisualStudioVersion = 16.0.28714.193
MinimumVisualStudioVersion = 10.0.40219.1
Project("{FAE04EC0-301F-11D3-BF4B-00C04F79EFBC}") = "EventSlicer", "EventSlicer.csproj", "{BF27187C-53C2-44BD-8ED7-1AF89CBB3644}"
EndProject
Global
	GlobalSection(SolutionConfigurationPlatforms) = preSolution
		Debug|Any CPU = Debug|Any CPU
		Release|Any CPU = Release|Any CPU
	EndGlobalSection
	GlobalSection(ProjectConfigurationPlatforms) = postSolution
		{BF27187C-53C2-44BD-8ED7-1AF89CBB3644}.Debug|Any CPU.ActiveCfg = Debug|Any CPU
		{BF27187C-53C2-44BD-8ED7-1AF89CBB3644}.Debug|Any CPU.Build.0 = Debug|Any CPU
		{BF27187C-53C2-44BD-8ED7-1AF89CBB3644}.Release|Any CPU.ActiveCfg = Release|Any CPU
		{BF27187C-53C2-44BD-8ED7-1AF89CBB3644}.Release|Any CPU.Build.0 = Release|Any CPU
	EndGlobalSection
	GlobalSection(SolutionProperties) = preSolution
		HideSolutionNode = FALSE
	EndGlobalSection
	GlobalSection(ExtensibilityGlobals) = postSolution
		SolutionGuid = {75EBBA83-17C9-4C60-BAD0-D69B00A4FC60}
	EndGlobalSection
EndGlobal
